{
  "version": 4,
  "terraform_version": "1.0.5",
  "serial": 102,
  "lineage": "4c019640-0aac-49af-cb63-13644474fb4f",
  "outputs": {},
  "resources": [
    {
      "mode": "managed",
      "type": "aws_iam_user",
      "name": "publisher",
      "provider": "provider[\"registry.terraform.io/hashicorp/aws\"]",
      "instances": [
        {
          "schema_version": 0,
          "attributes": {
            "arn": "arn:aws:iam::166196491824:user/serviceaccounts/ecr-publisher",
            "force_destroy": false,
            "id": "ecr-publisher",
            "name": "ecr-publisher",
            "path": "/serviceaccounts/",
            "permissions_boundary": null,
            "tags": {},
            "tags_all": {},
            "unique_id": "AIDASNMQVGYYNEU76QCMT"
          },
          "sensitive_attributes": [],
          "private": "bnVsbA=="
        }
      ]
    }
  ]
}
